
Microsoft Visual Studio Solution File, Format Version 12.00
# Visual Studio 2017
Project("{FAE04EC0-301F-11D3-BF4B-00C04F79EFBC}") = "Individualiser Frontend.Plugins", "Individualiser Frontend.Plugins.csproj", "{B24B39CE-C113-CDA1-1EBA-44C2BFFD16C6}"
EndProject
Project("{FAE04EC0-301F-11D3-BF4B-00C04F79EFBC}") = "Individualiser Frontend", "Individualiser Frontend.csproj", "{212A25AF-ADBB-0481-D3BF-6EE40C27BE36}"
EndProject
Project("{FAE04EC0-301F-11D3-BF4B-00C04F79EFBC}") = "Individualiser Frontend.Editor", "Individualiser Frontend.Editor.csproj", "{3353E14E-1842-18E1-1C0C-9E07ABDECB34}"
EndProject
Global
	GlobalSection(SolutionConfigurationPlatforms) = preSolution
		Debug|Any CPU = Debug|Any CPU
		Release|Any CPU = Release|Any CPU
	EndGlobalSection
	GlobalSection(ProjectConfigurationPlatforms) = postSolution
		{B24B39CE-C113-CDA1-1EBA-44C2BFFD16C6}.Debug|Any CPU.ActiveCfg = Debug|Any CPU
		{B24B39CE-C113-CDA1-1EBA-44C2BFFD16C6}.Debug|Any CPU.Build.0 = Debug|Any CPU
		{B24B39CE-C113-CDA1-1EBA-44C2BFFD16C6}.Release|Any CPU.ActiveCfg = Release|Any CPU
		{B24B39CE-C113-CDA1-1EBA-44C2BFFD16C6}.Release|Any CPU.Build.0 = Release|Any CPU
		{212A25AF-ADBB-0481-D3BF-6EE40C27BE36}.Debug|Any CPU.ActiveCfg = Debug|Any CPU
		{212A25AF-ADBB-0481-D3BF-6EE40C27BE36}.Debug|Any CPU.Build.0 = Debug|Any CPU
		{212A25AF-ADBB-0481-D3BF-6EE40C27BE36}.Release|Any CPU.ActiveCfg = Release|Any CPU
		{212A25AF-ADBB-0481-D3BF-6EE40C27BE36}.Release|Any CPU.Build.0 = Release|Any CPU
		{3353E14E-1842-18E1-1C0C-9E07ABDECB34}.Debug|Any CPU.ActiveCfg = Debug|Any CPU
		{3353E14E-1842-18E1-1C0C-9E07ABDECB34}.Debug|Any CPU.Build.0 = Debug|Any CPU
		{3353E14E-1842-18E1-1C0C-9E07ABDECB34}.Release|Any CPU.ActiveCfg = Release|Any CPU
		{3353E14E-1842-18E1-1C0C-9E07ABDECB34}.Release|Any CPU.Build.0 = Release|Any CPU
	EndGlobalSection
	GlobalSection(SolutionProperties) = preSolution
		HideSolutionNode = FALSE
	EndGlobalSection
EndGlobal
